// !$*UTF8*$!
{
	archiveVersion = 1;
	classes = {
	};
	objectVersion = 56;
	objects = {

/* Begin PBXBuildFile section */
		AE3C2EB729DCB3B400686B66 /* AppDelegate.swift in Sources */ = {isa = PBXBuildFile; fileRef = AE3C2EB629DCB3B400686B66 /* AppDelegate.swift */; };
		AE3C2EB929DCB3B400686B66 /* MovieListScreen.swift in Sources */ = {isa = PBXBuildFile; fileRef = AE3C2EB829DCB3B400686B66 /* MovieListScreen.swift */; };
		AE3C2EBB29DCB3B800686B66 /* Assets.xcassets in Resources */ = {isa = PBXBuildFile; fileRef = AE3C2EBA29DCB3B800686B66 /* Assets.xcassets */; };
		AE3C2EBE29DCB3B800686B66 /* Preview Assets.xcassets in Resources */ = {isa = PBXBuildFile; fileRef = AE3C2EBD29DCB3B800686B66 /* Preview Assets.xcassets */; };
		AE3C2EC829DCB3B800686B66 /* SwiftUITemplateTests.swift in Sources */ = {isa = PBXBuildFile; fileRef = AE3C2EC729DCB3B800686B66 /* SwiftUITemplateTests.swift */; };
		AE3C2ED229DCB3B800686B66 /* SwiftUITemplateUITests.swift in Sources */ = {isa = PBXBuildFile; fileRef = AE3C2ED129DCB3B800686B66 /* SwiftUITemplateUITests.swift */; };
		AE3C2ED429DCB3B800686B66 /* SwiftUITemplateUITestsLaunchTests.swift in Sources */ = {isa = PBXBuildFile; fileRef = AE3C2ED329DCB3B800686B66 /* SwiftUITemplateUITestsLaunchTests.swift */; };
		AE4AB46129FD965600DEFB9D /* CoordinatorKey.swift in Sources */ = {isa = PBXBuildFile; fileRef = AE4AB46029FD965600DEFB9D /* CoordinatorKey.swift */; };
		AE4AB46329FD972900DEFB9D /* BaseNavigation.swift in Sources */ = {isa = PBXBuildFile; fileRef = AE4AB46229FD972900DEFB9D /* BaseNavigation.swift */; };
		AE4AB46E29FD9B7200DEFB9D /* MovieDetailsScreen.swift in Sources */ = {isa = PBXBuildFile; fileRef = AE4AB46D29FD9B7200DEFB9D /* MovieDetailsScreen.swift */; };
		AE4AB47129FD9BB200DEFB9D /* FavoritesScreen.swift in Sources */ = {isa = PBXBuildFile; fileRef = AE4AB47029FD9BB200DEFB9D /* FavoritesScreen.swift */; };
		AE4AB47329FDA9B300DEFB9D /* MovieListViewModel.swift in Sources */ = {isa = PBXBuildFile; fileRef = AE4AB47229FDA9B300DEFB9D /* MovieListViewModel.swift */; };
		AE4AB47629FDAC4B00DEFB9D /* MovieListState.swift in Sources */ = {isa = PBXBuildFile; fileRef = AE4AB47529FDAC4B00DEFB9D /* MovieListState.swift */; };
		AE4AB47C29FDAE2400DEFB9D /* Movie.swift in Sources */ = {isa = PBXBuildFile; fileRef = AE4AB47B29FDAE2400DEFB9D /* Movie.swift */; };
		AE4AB47E29FDAF4F00DEFB9D /* MovieListEvents.swift in Sources */ = {isa = PBXBuildFile; fileRef = AE4AB47D29FDAF4F00DEFB9D /* MovieListEvents.swift */; };
		AE4AB48129FDCF0300DEFB9D /* MovieItem.swift in Sources */ = {isa = PBXBuildFile; fileRef = AE4AB48029FDCF0300DEFB9D /* MovieItem.swift */; };
		AE4AB48329FDD41300DEFB9D /* SwiftUIView_Ext.swift in Sources */ = {isa = PBXBuildFile; fileRef = AE4AB48229FDD41200DEFB9D /* SwiftUIView_Ext.swift */; };
		AED01EC029F72A9900C343FF /* Coordinator.swift in Sources */ = {isa = PBXBuildFile; fileRef = AED01EBF29F72A9900C343FF /* Coordinator.swift */; };
		AED01EC529F72E9600C343FF /* UINavigationController_Ext.swift in Sources */ = {isa = PBXBuildFile; fileRef = AED01EC429F72E9600C343FF /* UINavigationController_Ext.swift */; };
		AED01ED329F7365300C343FF /* MainCoordinator.swift in Sources */ = {isa = PBXBuildFile; fileRef = AED01ED229F7365300C343FF /* MainCoordinator.swift */; };
		AED01ED529F7389800C343FF /* MoviesCoordinator.swift in Sources */ = {isa = PBXBuildFile; fileRef = AED01ED429F7389800C343FF /* MoviesCoordinator.swift */; };
/* End PBXBuildFile section */

/* Begin PBXContainerItemProxy section */
		AE3C2EC429DCB3B800686B66 /* PBXContainerItemProxy */ = {
			isa = PBXContainerItemProxy;
			containerPortal = AE3C2EAB29DCB3B300686B66 /* Project object */;
			proxyType = 1;
			remoteGlobalIDString = AE3C2EB229DCB3B300686B66;
			remoteInfo = SwiftUITemplate;
		};
		AE3C2ECE29DCB3B800686B66 /* PBXContainerItemProxy */ = {
			isa = PBXContainerItemProxy;
			containerPortal = AE3C2EAB29DCB3B300686B66 /* Project object */;
			proxyType = 1;
			remoteGlobalIDString = AE3C2EB229DCB3B300686B66;
			remoteInfo = SwiftUITemplate;
		};
/* End PBXContainerItemProxy section */

/* Begin PBXFileReference section */
		AE3C2EB329DCB3B400686B66 /* SwiftUITemplate.app */ = {isa = PBXFileReference; explicitFileType = wrapper.application; includeInIndex = 0; path = SwiftUITemplate.app; sourceTree = BUILT_PRODUCTS_DIR; };
		AE3C2EB629DCB3B400686B66 /* AppDelegate.swift */ = {isa = PBXFileReference; lastKnownFileType = sourcecode.swift; path = AppDelegate.swift; sourceTree = "<group>"; };
		AE3C2EB829DCB3B400686B66 /* MovieListScreen.swift */ = {isa = PBXFileReference; lastKnownFileType = sourcecode.swift; path = MovieListScreen.swift; sourceTree = "<group>"; };
		AE3C2EBA29DCB3B800686B66 /* Assets.xcassets */ = {isa = PBXFileReference; lastKnownFileType = folder.assetcatalog; path = Assets.xcassets; sourceTree = "<group>"; };
		AE3C2EBD29DCB3B800686B66 /* Preview Assets.xcassets */ = {isa = PBXFileReference; lastKnownFileType = folder.assetcatalog; path = "Preview Assets.xcassets"; sourceTree = "<group>"; };
		AE3C2EC329DCB3B800686B66 /* SwiftUITemplateTests.xctest */ = {isa = PBXFileReference; explicitFileType = wrapper.cfbundle; includeInIndex = 0; path = SwiftUITemplateTests.xctest; sourceTree = BUILT_PRODUCTS_DIR; };
		AE3C2EC729DCB3B800686B66 /* SwiftUITemplateTests.swift */ = {isa = PBXFileReference; lastKnownFileType = sourcecode.swift; path = SwiftUITemplateTests.swift; sourceTree = "<group>"; };
		AE3C2ECD29DCB3B800686B66 /* SwiftUITemplateUITests.xctest */ = {isa = PBXFileReference; explicitFileType = wrapper.cfbundle; includeInIndex = 0; path = SwiftUITemplateUITests.xctest; sourceTree = BUILT_PRODUCTS_DIR; };
		AE3C2ED129DCB3B800686B66 /* SwiftUITemplateUITests.swift */ = {isa = PBXFileReference; lastKnownFileType = sourcecode.swift; path = SwiftUITemplateUITests.swift; sourceTree = "<group>"; };
		AE3C2ED329DCB3B800686B66 /* SwiftUITemplateUITestsLaunchTests.swift */ = {isa = PBXFileReference; lastKnownFileType = sourcecode.swift; path = SwiftUITemplateUITestsLaunchTests.swift; sourceTree = "<group>"; };
		AE4AB46029FD965600DEFB9D /* CoordinatorKey.swift */ = {isa = PBXFileReference; lastKnownFileType = sourcecode.swift; path = CoordinatorKey.swift; sourceTree = "<group>"; };
		AE4AB46229FD972900DEFB9D /* BaseNavigation.swift */ = {isa = PBXFileReference; lastKnownFileType = sourcecode.swift; path = BaseNavigation.swift; sourceTree = "<group>"; };
		AE4AB46D29FD9B7200DEFB9D /* MovieDetailsScreen.swift */ = {isa = PBXFileReference; lastKnownFileType = sourcecode.swift; path = MovieDetailsScreen.swift; sourceTree = "<group>"; };
		AE4AB47029FD9BB200DEFB9D /* FavoritesScreen.swift */ = {isa = PBXFileReference; lastKnownFileType = sourcecode.swift; path = FavoritesScreen.swift; sourceTree = "<group>"; };
		AE4AB47229FDA9B300DEFB9D /* MovieListViewModel.swift */ = {isa = PBXFileReference; lastKnownFileType = sourcecode.swift; path = MovieListViewModel.swift; sourceTree = "<group>"; };
		AE4AB47529FDAC4B00DEFB9D /* MovieListState.swift */ = {isa = PBXFileReference; lastKnownFileType = sourcecode.swift; path = MovieListState.swift; sourceTree = "<group>"; };
		AE4AB47B29FDAE2400DEFB9D /* Movie.swift */ = {isa = PBXFileReference; fileEncoding = 4; lastKnownFileType = sourcecode.swift; path = Movie.swift; sourceTree = "<group>"; };
		AE4AB47D29FDAF4F00DEFB9D /* MovieListEvents.swift */ = {isa = PBXFileReference; lastKnownFileType = sourcecode.swift; path = MovieListEvents.swift; sourceTree = "<group>"; };
		AE4AB48029FDCF0300DEFB9D /* MovieItem.swift */ = {isa = PBXFileReference; lastKnownFileType = sourcecode.swift; path = MovieItem.swift; sourceTree = "<group>"; };
		AE4AB48229FDD41200DEFB9D /* SwiftUIView_Ext.swift */ = {isa = PBXFileReference; lastKnownFileType = sourcecode.swift; path = SwiftUIView_Ext.swift; sourceTree = "<group>"; };
		AED01EBF29F72A9900C343FF /* Coordinator.swift */ = {isa = PBXFileReference; lastKnownFileType = sourcecode.swift; path = Coordinator.swift; sourceTree = "<group>"; };
		AED01EC429F72E9600C343FF /* UINavigationController_Ext.swift */ = {isa = PBXFileReference; lastKnownFileType = sourcecode.swift; path = UINavigationController_Ext.swift; sourceTree = "<group>"; };
		AED01ED229F7365300C343FF /* MainCoordinator.swift */ = {isa = PBXFileReference; lastKnownFileType = sourcecode.swift; path = MainCoordinator.swift; sourceTree = "<group>"; };
		AED01ED429F7389800C343FF /* MoviesCoordinator.swift */ = {isa = PBXFileReference; lastKnownFileType = sourcecode.swift; path = MoviesCoordinator.swift; sourceTree = "<group>"; };
/* End PBXFileReference section */

/* Begin PBXFrameworksBuildPhase section */
		AE3C2EB029DCB3B300686B66 /* Frameworks */ = {
			isa = PBXFrameworksBuildPhase;
			buildActionMask = 2147483647;
			files = (
			);
			runOnlyForDeploymentPostprocessing = 0;
		};
		AE3C2EC029DCB3B800686B66 /* Frameworks */ = {
			isa = PBXFrameworksBuildPhase;
			buildActionMask = 2147483647;
			files = (
			);
			runOnlyForDeploymentPostprocessing = 0;
		};
		AE3C2ECA29DCB3B800686B66 /* Frameworks */ = {
			isa = PBXFrameworksBuildPhase;
			buildActionMask = 2147483647;
			files = (
			);
			runOnlyForDeploymentPostprocessing = 0;
		};
/* End PBXFrameworksBuildPhase section */

/* Begin PBXGroup section */
		AE3C2EAA29DCB3B300686B66 = {
			isa = PBXGroup;
			children = (
				AE3C2EB529DCB3B400686B66 /* SwiftUITemplate */,
				AE3C2EC629DCB3B800686B66 /* SwiftUITemplateTests */,
				AE3C2ED029DCB3B800686B66 /* SwiftUITemplateUITests */,
				AE3C2EB429DCB3B400686B66 /* Products */,
			);
			sourceTree = "<group>";
		};
		AE3C2EB429DCB3B400686B66 /* Products */ = {
			isa = PBXGroup;
			children = (
				AE3C2EB329DCB3B400686B66 /* SwiftUITemplate.app */,
				AE3C2EC329DCB3B800686B66 /* SwiftUITemplateTests.xctest */,
				AE3C2ECD29DCB3B800686B66 /* SwiftUITemplateUITests.xctest */,
			);
			name = Products;
			sourceTree = "<group>";
		};
		AE3C2EB529DCB3B400686B66 /* SwiftUITemplate */ = {
			isa = PBXGroup;
			children = (
				AED01EC729F7344500C343FF /* Application */,
				AE4AB47729FDAE0100DEFB9D /* Domain */,
				AED01EBE29F7265700C343FF /* Presentation */,
				AED01EC829F7347700C343FF /* Movies */,
				AE3C2EBA29DCB3B800686B66 /* Assets.xcassets */,
				AE3C2EBC29DCB3B800686B66 /* Preview Content */,
			);
			path = SwiftUITemplate;
			sourceTree = "<group>";
		};
		AE3C2EBC29DCB3B800686B66 /* Preview Content */ = {
			isa = PBXGroup;
			children = (
				AE3C2EBD29DCB3B800686B66 /* Preview Assets.xcassets */,
			);
			path = "Preview Content";
			sourceTree = "<group>";
		};
		AE3C2EC629DCB3B800686B66 /* SwiftUITemplateTests */ = {
			isa = PBXGroup;
			children = (
				AE3C2EC729DCB3B800686B66 /* SwiftUITemplateTests.swift */,
			);
			path = SwiftUITemplateTests;
			sourceTree = "<group>";
		};
		AE3C2ED029DCB3B800686B66 /* SwiftUITemplateUITests */ = {
			isa = PBXGroup;
			children = (
				AE3C2ED129DCB3B800686B66 /* SwiftUITemplateUITests.swift */,
				AE3C2ED329DCB3B800686B66 /* SwiftUITemplateUITestsLaunchTests.swift */,
			);
			path = SwiftUITemplateUITests;
			sourceTree = "<group>";
		};
		AE4AB46B29FD9B4F00DEFB9D /* MovieDetails */ = {
			isa = PBXGroup;
			children = (
				AE4AB46D29FD9B7200DEFB9D /* MovieDetailsScreen.swift */,
			);
			path = MovieDetails;
			sourceTree = "<group>";
		};
		AE4AB46F29FD9B9500DEFB9D /* Favorites */ = {
			isa = PBXGroup;
			children = (
				AE4AB47029FD9BB200DEFB9D /* FavoritesScreen.swift */,
			);
			path = Favorites;
			sourceTree = "<group>";
		};
		AE4AB47429FDA9E300DEFB9D /* Interactors */ = {
			isa = PBXGroup;
			children = (
				AE4AB47529FDAC4B00DEFB9D /* MovieListState.swift */,
				AE4AB47D29FDAF4F00DEFB9D /* MovieListEvents.swift */,
			);
			path = Interactors;
			sourceTree = "<group>";
		};
		AE4AB47729FDAE0100DEFB9D /* Domain */ = {
			isa = PBXGroup;
			children = (
				AE4AB47A29FDAE1E00DEFB9D /* Movies */,
			);
			path = Domain;
			sourceTree = "<group>";
		};
		AE4AB47A29FDAE1E00DEFB9D /* Movies */ = {
			isa = PBXGroup;
			children = (
				AE4AB47B29FDAE2400DEFB9D /* Movie.swift */,
			);
			path = Movies;
			sourceTree = "<group>";
		};
		AE4AB47F29FDCEEE00DEFB9D /* Components */ = {
			isa = PBXGroup;
			children = (
				AE4AB48029FDCF0300DEFB9D /* MovieItem.swift */,
			);
			path = Components;
			sourceTree = "<group>";
		};
		AE4AB48429FDD41600DEFB9D /* SwiftUi */ = {
			isa = PBXGroup;
			children = (
				AE4AB48229FDD41200DEFB9D /* SwiftUIView_Ext.swift */,
			);
			path = SwiftUi;
			sourceTree = "<group>";
		};
		AE4AB48529FDD41D00DEFB9D /* UIKit */ = {
			isa = PBXGroup;
			children = (
				AED01EC429F72E9600C343FF /* UINavigationController_Ext.swift */,
			);
			path = UIKit;
			sourceTree = "<group>";
		};
		AED01EBE29F7265700C343FF /* Presentation */ = {
			isa = PBXGroup;
			children = (
				AED01EC129F72E4600C343FF /* Base */,
				AED01EC229F72E5F00C343FF /* Utils */,
			);
			path = Presentation;
			sourceTree = "<group>";
		};
		AED01EC129F72E4600C343FF /* Base */ = {
			isa = PBXGroup;
			children = (
				AED01EC629F72FE800C343FF /* Navigation */,
			);
			path = Base;
			sourceTree = "<group>";
		};
		AED01EC229F72E5F00C343FF /* Utils */ = {
			isa = PBXGroup;
			children = (
				AED01EC329F72E6E00C343FF /* Extensions */,
			);
			path = Utils;
			sourceTree = "<group>";
		};
		AED01EC329F72E6E00C343FF /* Extensions */ = {
			isa = PBXGroup;
			children = (
				AE4AB48529FDD41D00DEFB9D /* UIKit */,
				AE4AB48429FDD41600DEFB9D /* SwiftUi */,
			);
			path = Extensions;
			sourceTree = "<group>";
		};
		AED01EC629F72FE800C343FF /* Navigation */ = {
			isa = PBXGroup;
			children = (
				AED01EBF29F72A9900C343FF /* Coordinator.swift */,
				AE4AB46029FD965600DEFB9D /* CoordinatorKey.swift */,
				AE4AB46229FD972900DEFB9D /* BaseNavigation.swift */,
			);
			path = Navigation;
			sourceTree = "<group>";
		};
		AED01EC729F7344500C343FF /* Application */ = {
			isa = PBXGroup;
			children = (
				AE3C2EB629DCB3B400686B66 /* AppDelegate.swift */,
				AED01ED229F7365300C343FF /* MainCoordinator.swift */,
			);
			path = Application;
			sourceTree = "<group>";
		};
		AED01EC829F7347700C343FF /* Movies */ = {
			isa = PBXGroup;
			children = (
				AED01ECA29F734B500C343FF /* Coordinators */,
				AED01ECB29F734BE00C343FF /* Screens */,
			);
			path = Movies;
			sourceTree = "<group>";
		};
		AED01EC929F7348C00C343FF /* MovieList */ = {
			isa = PBXGroup;
			children = (
				AE4AB47F29FDCEEE00DEFB9D /* Components */,
				AE4AB47429FDA9E300DEFB9D /* Interactors */,
				AE3C2EB829DCB3B400686B66 /* MovieListScreen.swift */,
				AE4AB47229FDA9B300DEFB9D /* MovieListViewModel.swift */,
			);
			path = MovieList;
			sourceTree = "<group>";
		};
		AED01ECA29F734B500C343FF /* Coordinators */ = {
			isa = PBXGroup;
			children = (
				AED01ED429F7389800C343FF /* MoviesCoordinator.swift */,
			);
			path = Coordinators;
			sourceTree = "<group>";
		};
		AED01ECB29F734BE00C343FF /* Screens */ = {
			isa = PBXGroup;
			children = (
				AED01EC929F7348C00C343FF /* MovieList */,
				AE4AB46B29FD9B4F00DEFB9D /* MovieDetails */,
				AE4AB46F29FD9B9500DEFB9D /* Favorites */,
			);
			path = Screens;
			sourceTree = "<group>";
		};
/* End PBXGroup section */

/* Begin PBXNativeTarget section */
		AE3C2EB229DCB3B300686B66 /* SwiftUITemplate */ = {
			isa = PBXNativeTarget;
			buildConfigurationList = AE3C2ED729DCB3B800686B66 /* Build configuration list for PBXNativeTarget "SwiftUITemplate" */;
			buildPhases = (
				AE3C2EAF29DCB3B300686B66 /* Sources */,
				AE3C2EB029DCB3B300686B66 /* Frameworks */,
				AE3C2EB129DCB3B300686B66 /* Resources */,
			);
			buildRules = (
			);
			dependencies = (
			);
			name = SwiftUITemplate;
			productName = SwiftUITemplate;
			productReference = AE3C2EB329DCB3B400686B66 /* SwiftUITemplate.app */;
			productType = "com.apple.product-type.application";
		};
		AE3C2EC229DCB3B800686B66 /* SwiftUITemplateTests */ = {
			isa = PBXNativeTarget;
			buildConfigurationList = AE3C2EDA29DCB3B800686B66 /* Build configuration list for PBXNativeTarget "SwiftUITemplateTests" */;
			buildPhases = (
				AE3C2EBF29DCB3B800686B66 /* Sources */,
				AE3C2EC029DCB3B800686B66 /* Frameworks */,
				AE3C2EC129DCB3B800686B66 /* Resources */,
			);
			buildRules = (
			);
			dependencies = (
				AE3C2EC529DCB3B800686B66 /* PBXTargetDependency */,
			);
			name = SwiftUITemplateTests;
			productName = SwiftUITemplateTests;
			productReference = AE3C2EC329DCB3B800686B66 /* SwiftUITemplateTests.xctest */;
			productType = "com.apple.product-type.bundle.unit-test";
		};
		AE3C2ECC29DCB3B800686B66 /* SwiftUITemplateUITests */ = {
			isa = PBXNativeTarget;
			buildConfigurationList = AE3C2EDD29DCB3B800686B66 /* Build configuration list for PBXNativeTarget "SwiftUITemplateUITests" */;
			buildPhases = (
				AE3C2EC929DCB3B800686B66 /* Sources */,
				AE3C2ECA29DCB3B800686B66 /* Frameworks */,
				AE3C2ECB29DCB3B800686B66 /* Resources */,
			);
			buildRules = (
			);
			dependencies = (
				AE3C2ECF29DCB3B800686B66 /* PBXTargetDependency */,
			);
			name = SwiftUITemplateUITests;
			productName = SwiftUITemplateUITests;
			productReference = AE3C2ECD29DCB3B800686B66 /* SwiftUITemplateUITests.xctest */;
			productType = "com.apple.product-type.bundle.ui-testing";
		};
/* End PBXNativeTarget section */

/* Begin PBXProject section */
		AE3C2EAB29DCB3B300686B66 /* Project object */ = {
			isa = PBXProject;
			attributes = {
				BuildIndependentTargetsInParallel = 1;
				LastSwiftUpdateCheck = 1420;
				LastUpgradeCheck = 1420;
				TargetAttributes = {
					AE3C2EB229DCB3B300686B66 = {
						CreatedOnToolsVersion = 14.2;
					};
					AE3C2EC229DCB3B800686B66 = {
						CreatedOnToolsVersion = 14.2;
						TestTargetID = AE3C2EB229DCB3B300686B66;
					};
					AE3C2ECC29DCB3B800686B66 = {
						CreatedOnToolsVersion = 14.2;
						TestTargetID = AE3C2EB229DCB3B300686B66;
					};
				};
			};
			buildConfigurationList = AE3C2EAE29DCB3B300686B66 /* Build configuration list for PBXProject "SwiftUITemplate" */;
			compatibilityVersion = "Xcode 14.0";
			developmentRegion = en;
			hasScannedForEncodings = 0;
			knownRegions = (
				en,
				Base,
			);
			mainGroup = AE3C2EAA29DCB3B300686B66;
			productRefGroup = AE3C2EB429DCB3B400686B66 /* Products */;
			projectDirPath = "";
			projectRoot = "";
			targets = (
				AE3C2EB229DCB3B300686B66 /* SwiftUITemplate */,
				AE3C2EC229DCB3B800686B66 /* SwiftUITemplateTests */,
				AE3C2ECC29DCB3B800686B66 /* SwiftUITemplateUITests */,
			);
		};
/* End PBXProject section */

/* Begin PBXResourcesBuildPhase section */
		AE3C2EB129DCB3B300686B66 /* Resources */ = {
			isa = PBXResourcesBuildPhase;
			buildActionMask = 2147483647;
			files = (
				AE3C2EBE29DCB3B800686B66 /* Preview Assets.xcassets in Resources */,
				AE3C2EBB29DCB3B800686B66 /* Assets.xcassets in Resources */,
			);
			runOnlyForDeploymentPostprocessing = 0;
		};
		AE3C2EC129DCB3B800686B66 /* Resources */ = {
			isa = PBXResourcesBuildPhase;
			buildActionMask = 2147483647;
			files = (
			);
			runOnlyForDeploymentPostprocessing = 0;
		};
		AE3C2ECB29DCB3B800686B66 /* Resources */ = {
			isa = PBXResourcesBuildPhase;
			buildActionMask = 2147483647;
			files = (
			);
			runOnlyForDeploymentPostprocessing = 0;
		};
/* End PBXResourcesBuildPhase section */

/* Begin PBXSourcesBuildPhase section */
		AE3C2EAF29DCB3B300686B66 /* Sources */ = {
			isa = PBXSourcesBuildPhase;
			buildActionMask = 2147483647;
			files = (
				AE3C2EB929DCB3B400686B66 /* MovieListScreen.swift in Sources */,
				AE3C2EB729DCB3B400686B66 /* AppDelegate.swift in Sources */,
				AE4AB46329FD972900DEFB9D /* BaseNavigation.swift in Sources */,
				AE4AB48129FDCF0300DEFB9D /* MovieItem.swift in Sources */,
				AED01EC529F72E9600C343FF /* UINavigationController_Ext.swift in Sources */,
				AED01ED529F7389800C343FF /* MoviesCoordinator.swift in Sources */,
				AE4AB48329FDD41300DEFB9D /* SwiftUIView_Ext.swift in Sources */,
				AE4AB47E29FDAF4F00DEFB9D /* MovieListEvents.swift in Sources */,
				AE4AB46E29FD9B7200DEFB9D /* MovieDetailsScreen.swift in Sources */,
				AED01ED329F7365300C343FF /* MainCoordinator.swift in Sources */,
				AE4AB47329FDA9B300DEFB9D /* MovieListViewModel.swift in Sources */,
				AE4AB47629FDAC4B00DEFB9D /* MovieListState.swift in Sources */,
				AE4AB47129FD9BB200DEFB9D /* FavoritesScreen.swift in Sources */,
				AE4AB47C29FDAE2400DEFB9D /* Movie.swift in Sources */,
				AED01EC029F72A9900C343FF /* Coordinator.swift in Sources */,
				AE4AB46129FD965600DEFB9D /* CoordinatorKey.swift in Sources */,
			);
			runOnlyForDeploymentPostprocessing = 0;
		};
		AE3C2EBF29DCB3B800686B66 /* Sources */ = {
			isa = PBXSourcesBuildPhase;
			buildActionMask = 2147483647;
			files = (
				AE3C2EC829DCB3B800686B66 /* SwiftUITemplateTests.swift in Sources */,
			);
			runOnlyForDeploymentPostprocessing = 0;
		};
		AE3C2EC929DCB3B800686B66 /* Sources */ = {
			isa = PBXSourcesBuildPhase;
			buildActionMask = 2147483647;
			files = (
				AE3C2ED429DCB3B800686B66 /* SwiftUITemplateUITestsLaunchTests.swift in Sources */,
				AE3C2ED229DCB3B800686B66 /* SwiftUITemplateUITests.swift in Sources */,
			);
			runOnlyForDeploymentPostprocessing = 0;
		};
/* End PBXSourcesBuildPhase section */

/* Begin PBXTargetDependency section */
		AE3C2EC529DCB3B800686B66 /* PBXTargetDependency */ = {
			isa = PBXTargetDependency;
			target = AE3C2EB229DCB3B300686B66 /* SwiftUITemplate */;
			targetProxy = AE3C2EC429DCB3B800686B66 /* PBXContainerItemProxy */;
		};
		AE3C2ECF29DCB3B800686B66 /* PBXTargetDependency */ = {
			isa = PBXTargetDependency;
			target = AE3C2EB229DCB3B300686B66 /* SwiftUITemplate */;
			targetProxy = AE3C2ECE29DCB3B800686B66 /* PBXContainerItemProxy */;
		};
/* End PBXTargetDependency section */

/* Begin XCBuildConfiguration section */
		AE3C2ED529DCB3B800686B66 /* Debug */ = {
			isa = XCBuildConfiguration;
			buildSettings = {
				ALWAYS_SEARCH_USER_PATHS = NO;
				CLANG_ANALYZER_NONNULL = YES;
				CLANG_ANALYZER_NUMBER_OBJECT_CONVERSION = YES_AGGRESSIVE;
				CLANG_CXX_LANGUAGE_STANDARD = "gnu++20";
				CLANG_ENABLE_MODULES = YES;
				CLANG_ENABLE_OBJC_ARC = YES;
				CLANG_ENABLE_OBJC_WEAK = YES;
				CLANG_WARN_BLOCK_CAPTURE_AUTORELEASING = YES;
				CLANG_WARN_BOOL_CONVERSION = YES;
				CLANG_WARN_COMMA = YES;
				CLANG_WARN_CONSTANT_CONVERSION = YES;
				CLANG_WARN_DEPRECATED_OBJC_IMPLEMENTATIONS = YES;
				CLANG_WARN_DIRECT_OBJC_ISA_USAGE = YES_ERROR;
				CLANG_WARN_DOCUMENTATION_COMMENTS = YES;
				CLANG_WARN_EMPTY_BODY = YES;
				CLANG_WARN_ENUM_CONVERSION = YES;
				CLANG_WARN_INFINITE_RECURSION = YES;
				CLANG_WARN_INT_CONVERSION = YES;
				CLANG_WARN_NON_LITERAL_NULL_CONVERSION = YES;
				CLANG_WARN_OBJC_IMPLICIT_RETAIN_SELF = YES;
				CLANG_WARN_OBJC_LITERAL_CONVERSION = YES;
				CLANG_WARN_OBJC_ROOT_CLASS = YES_ERROR;
				CLANG_WARN_QUOTED_INCLUDE_IN_FRAMEWORK_HEADER = YES;
				CLANG_WARN_RANGE_LOOP_ANALYSIS = YES;
				CLANG_WARN_STRICT_PROTOTYPES = YES;
				CLANG_WARN_SUSPICIOUS_MOVE = YES;
				CLANG_WARN_UNGUARDED_AVAILABILITY = YES_AGGRESSIVE;
				CLANG_WARN_UNREACHABLE_CODE = YES;
				CLANG_WARN__DUPLICATE_METHOD_MATCH = YES;
				COPY_PHASE_STRIP = NO;
				DEBUG_INFORMATION_FORMAT = dwarf;
				ENABLE_STRICT_OBJC_MSGSEND = YES;
				ENABLE_TESTABILITY = YES;
				GCC_C_LANGUAGE_STANDARD = gnu11;
				GCC_DYNAMIC_NO_PIC = NO;
				GCC_NO_COMMON_BLOCKS = YES;
				GCC_OPTIMIZATION_LEVEL = 0;
				GCC_PREPROCESSOR_DEFINITIONS = (
					"DEBUG=1",
					"$(inherited)",
				);
				GCC_WARN_64_TO_32_BIT_CONVERSION = YES;
				GCC_WARN_ABOUT_RETURN_TYPE = YES_ERROR;
				GCC_WARN_UNDECLARED_SELECTOR = YES;
				GCC_WARN_UNINITIALIZED_AUTOS = YES_AGGRESSIVE;
				GCC_WARN_UNUSED_FUNCTION = YES;
				GCC_WARN_UNUSED_VARIABLE = YES;
				IPHONEOS_DEPLOYMENT_TARGET = 16.2;
				MTL_ENABLE_DEBUG_INFO = INCLUDE_SOURCE;
				MTL_FAST_MATH = YES;
				ONLY_ACTIVE_ARCH = YES;
				SDKROOT = iphoneos;
				SWIFT_ACTIVE_COMPILATION_CONDITIONS = DEBUG;
				SWIFT_OPTIMIZATION_LEVEL = "-Onone";
			};
			name = Debug;
		};
		AE3C2ED629DCB3B800686B66 /* Release */ = {
			isa = XCBuildConfiguration;
			buildSettings = {
				ALWAYS_SEARCH_USER_PATHS = NO;
				CLANG_ANALYZER_NONNULL = YES;
				CLANG_ANALYZER_NUMBER_OBJECT_CONVERSION = YES_AGGRESSIVE;
				CLANG_CXX_LANGUAGE_STANDARD = "gnu++20";
				CLANG_ENABLE_MODULES = YES;
				CLANG_ENABLE_OBJC_ARC = YES;
				CLANG_ENABLE_OBJC_WEAK = YES;
				CLANG_WARN_BLOCK_CAPTURE_AUTORELEASING = YES;
				CLANG_WARN_BOOL_CONVERSION = YES;
				CLANG_WARN_COMMA = YES;
				CLANG_WARN_CONSTANT_CONVERSION = YES;
				CLANG_WARN_DEPRECATED_OBJC_IMPLEMENTATIONS = YES;
				CLANG_WARN_DIRECT_OBJC_ISA_USAGE = YES_ERROR;
				CLANG_WARN_DOCUMENTATION_COMMENTS = YES;
				CLANG_WARN_EMPTY_BODY = YES;
				CLANG_WARN_ENUM_CONVERSION = YES;
				CLANG_WARN_INFINITE_RECURSION = YES;
				CLANG_WARN_INT_CONVERSION = YES;
				CLANG_WARN_NON_LITERAL_NULL_CONVERSION = YES;
				CLANG_WARN_OBJC_IMPLICIT_RETAIN_SELF = YES;
				CLANG_WARN_OBJC_LITERAL_CONVERSION = YES;
				CLANG_WARN_OBJC_ROOT_CLASS = YES_ERROR;
				CLANG_WARN_QUOTED_INCLUDE_IN_FRAMEWORK_HEADER = YES;
				CLANG_WARN_RANGE_LOOP_ANALYSIS = YES;
				CLANG_WARN_STRICT_PROTOTYPES = YES;
				CLANG_WARN_SUSPICIOUS_MOVE = YES;
				CLANG_WARN_UNGUARDED_AVAILABILITY = YES_AGGRESSIVE;
				CLANG_WARN_UNREACHABLE_CODE = YES;
				CLANG_WARN__DUPLICATE_METHOD_MATCH = YES;
				COPY_PHASE_STRIP = NO;
				DEBUG_INFORMATION_FORMAT = "dwarf-with-dsym";
				ENABLE_NS_ASSERTIONS = NO;
				ENABLE_STRICT_OBJC_MSGSEND = YES;
				GCC_C_LANGUAGE_STANDARD = gnu11;
				GCC_NO_COMMON_BLOCKS = YES;
				GCC_WARN_64_TO_32_BIT_CONVERSION = YES;
				GCC_WARN_ABOUT_RETURN_TYPE = YES_ERROR;
				GCC_WARN_UNDECLARED_SELECTOR = YES;
				GCC_WARN_UNINITIALIZED_AUTOS = YES_AGGRESSIVE;
				GCC_WARN_UNUSED_FUNCTION = YES;
				GCC_WARN_UNUSED_VARIABLE = YES;
				IPHONEOS_DEPLOYMENT_TARGET = 16.2;
				MTL_ENABLE_DEBUG_INFO = NO;
				MTL_FAST_MATH = YES;
				SDKROOT = iphoneos;
				SWIFT_COMPILATION_MODE = wholemodule;
				SWIFT_OPTIMIZATION_LEVEL = "-O";
				VALIDATE_PRODUCT = YES;
			};
			name = Release;
		};
		AE3C2ED829DCB3B800686B66 /* Debug */ = {
			isa = XCBuildConfiguration;
			buildSettings = {
				ASSETCATALOG_COMPILER_APPICON_NAME = AppIcon;
				ASSETCATALOG_COMPILER_GLOBAL_ACCENT_COLOR_NAME = AccentColor;
				CODE_SIGN_STYLE = Automatic;
				CURRENT_PROJECT_VERSION = 1;
				DEVELOPMENT_ASSET_PATHS = "\"SwiftUITemplate/Preview Content\"";
				DEVELOPMENT_TEAM = G94U5AA7BY;
				ENABLE_PREVIEWS = YES;
				GENERATE_INFOPLIST_FILE = YES;
				INFOPLIST_KEY_UIApplicationSceneManifest_Generation = YES;
				INFOPLIST_KEY_UIApplicationSupportsIndirectInputEvents = YES;
				INFOPLIST_KEY_UILaunchScreen_Generation = YES;
				INFOPLIST_KEY_UISupportedInterfaceOrientations_iPad = "UIInterfaceOrientationPortrait UIInterfaceOrientationPortraitUpsideDown UIInterfaceOrientationLandscapeLeft UIInterfaceOrientationLandscapeRight";
				INFOPLIST_KEY_UISupportedInterfaceOrientations_iPhone = "UIInterfaceOrientationPortrait UIInterfaceOrientationLandscapeLeft UIInterfaceOrientationLandscapeRight";
				IPHONEOS_DEPLOYMENT_TARGET = 15.0;
				LD_RUNPATH_SEARCH_PATHS = (
					"$(inherited)",
					"@executable_path/Frameworks",
				);
				MARKETING_VERSION = 1.0;
				PRODUCT_BUNDLE_IDENTIFIER = gr.thanasis.kottaridis.SwiftUITemplate;
				PRODUCT_NAME = "$(TARGET_NAME)";
				SUPPORTED_PLATFORMS = "iphoneos iphonesimulator";
				SUPPORTS_MACCATALYST = NO;
				SUPPORTS_MAC_DESIGNED_FOR_IPHONE_IPAD = NO;
				SWIFT_EMIT_LOC_STRINGS = YES;
				SWIFT_VERSION = 5.0;
				TARGETED_DEVICE_FAMILY = 1;
			};
			name = Debug;
		};
		AE3C2ED929DCB3B800686B66 /* Release */ = {
			isa = XCBuildConfiguration;
			buildSettings = {
				ASSETCATALOG_COMPILER_APPICON_NAME = AppIcon;
				ASSETCATALOG_COMPILER_GLOBAL_ACCENT_COLOR_NAME = AccentColor;
				CODE_SIGN_STYLE = Automatic;
				CURRENT_PROJECT_VERSION = 1;
				DEVELOPMENT_ASSET_PATHS = "\"SwiftUITemplate/Preview Content\"";
				DEVELOPMENT_TEAM = G94U5AA7BY;
				ENABLE_PREVIEWS = YES;
				GENERATE_INFOPLIST_FILE = YES;
				INFOPLIST_KEY_UIApplicationSceneManifest_Generation = YES;
				INFOPLIST_KEY_UIApplicationSupportsIndirectInputEvents = YES;
				INFOPLIST_KEY_UILaunchScreen_Generation = YES;
				INFOPLIST_KEY_UISupportedInterfaceOrientations_iPad = "UIInterfaceOrientationPortrait UIInterfaceOrientationPortraitUpsideDown UIInterfaceOrientationLandscapeLeft UIInterfaceOrientationLandscapeRight";
				INFOPLIST_KEY_UISupportedInterfaceOrientations_iPhone = "UIInterfaceOrientationPortrait UIInterfaceOrientationLandscapeLeft UIInterfaceOrientationLandscapeRight";
				IPHONEOS_DEPLOYMENT_TARGET = 15.0;
				LD_RUNPATH_SEARCH_PATHS = (
					"$(inherited)",
					"@executable_path/Frameworks",
				);
				MARKETING_VERSION = 1.0;
				PRODUCT_BUNDLE_IDENTIFIER = gr.thanasis.kottaridis.SwiftUITemplate;
				PRODUCT_NAME = "$(TARGET_NAME)";
				SUPPORTED_PLATFORMS = "iphoneos iphonesimulator";
				SUPPORTS_MACCATALYST = NO;
				SUPPORTS_MAC_DESIGNED_FOR_IPHONE_IPAD = NO;
				SWIFT_EMIT_LOC_STRINGS = YES;
				SWIFT_VERSION = 5.0;
				TARGETED_DEVICE_FAMILY = 1;
			};
			name = Release;
		};
		AE3C2EDB29DCB3B800686B66 /* Debug */ = {
			isa = XCBuildConfiguration;
			buildSettings = {
				ALWAYS_EMBED_SWIFT_STANDARD_LIBRARIES = YES;
				BUNDLE_LOADER = "$(TEST_HOST)";
				CODE_SIGN_STYLE = Automatic;
				CURRENT_PROJECT_VERSION = 1;
				DEVELOPMENT_TEAM = G94U5AA7BY;
				GENERATE_INFOPLIST_FILE = YES;
				IPHONEOS_DEPLOYMENT_TARGET = 16.2;
				MARKETING_VERSION = 1.0;
				PRODUCT_BUNDLE_IDENTIFIER = gr.thanasis.kottaridis.SwiftUITemplateTests;
				PRODUCT_NAME = "$(TARGET_NAME)";
				SWIFT_EMIT_LOC_STRINGS = NO;
				SWIFT_VERSION = 5.0;
				TARGETED_DEVICE_FAMILY = "1,2";
				TEST_HOST = "$(BUILT_PRODUCTS_DIR)/SwiftUITemplate.app/$(BUNDLE_EXECUTABLE_FOLDER_PATH)/SwiftUITemplate";
			};
			name = Debug;
		};
		AE3C2EDC29DCB3B800686B66 /* Release */ = {
			isa = XCBuildConfiguration;
			buildSettings = {
				ALWAYS_EMBED_SWIFT_STANDARD_LIBRARIES = YES;
				BUNDLE_LOADER = "$(TEST_HOST)";
				CODE_SIGN_STYLE = Automatic;
				CURRENT_PROJECT_VERSION = 1;
				DEVELOPMENT_TEAM = G94U5AA7BY;
				GENERATE_INFOPLIST_FILE = YES;
				IPHONEOS_DEPLOYMENT_TARGET = 16.2;
				MARKETING_VERSION = 1.0;
				PRODUCT_BUNDLE_IDENTIFIER = gr.thanasis.kottaridis.SwiftUITemplateTests;
				PRODUCT_NAME = "$(TARGET_NAME)";
				SWIFT_EMIT_LOC_STRINGS = NO;
				SWIFT_VERSION = 5.0;
				TARGETED_DEVICE_FAMILY = "1,2";
				TEST_HOST = "$(BUILT_PRODUCTS_DIR)/SwiftUITemplate.app/$(BUNDLE_EXECUTABLE_FOLDER_PATH)/SwiftUITemplate";
			};
			name = Release;
		};
		AE3C2EDE29DCB3B800686B66 /* Debug */ = {
			isa = XCBuildConfiguration;
			buildSettings = {
				ALWAYS_EMBED_SWIFT_STANDARD_LIBRARIES = YES;
				CODE_SIGN_STYLE = Automatic;
				CURRENT_PROJECT_VERSION = 1;
				DEVELOPMENT_TEAM = G94U5AA7BY;
				GENERATE_INFOPLIST_FILE = YES;
				MARKETING_VERSION = 1.0;
				PRODUCT_BUNDLE_IDENTIFIER = gr.thanasis.kottaridis.SwiftUITemplateUITests;
				PRODUCT_NAME = "$(TARGET_NAME)";
				SWIFT_EMIT_LOC_STRINGS = NO;
				SWIFT_VERSION = 5.0;
				TARGETED_DEVICE_FAMILY = "1,2";
				TEST_TARGET_NAME = SwiftUITemplate;
			};
			name = Debug;
		};
		AE3C2EDF29DCB3B800686B66 /* Release */ = {
			isa = XCBuildConfiguration;
			buildSettings = {
				ALWAYS_EMBED_SWIFT_STANDARD_LIBRARIES = YES;
				CODE_SIGN_STYLE = Automatic;
				CURRENT_PROJECT_VERSION = 1;
				DEVELOPMENT_TEAM = G94U5AA7BY;
				GENERATE_INFOPLIST_FILE = YES;
				MARKETING_VERSION = 1.0;
				PRODUCT_BUNDLE_IDENTIFIER = gr.thanasis.kottaridis.SwiftUITemplateUITests;
				PRODUCT_NAME = "$(TARGET_NAME)";
				SWIFT_EMIT_LOC_STRINGS = NO;
				SWIFT_VERSION = 5.0;
				TARGETED_DEVICE_FAMILY = "1,2";
				TEST_TARGET_NAME = SwiftUITemplate;
			};
			name = Release;
		};
/* End XCBuildConfiguration section */

/* Begin XCConfigurationList section */
		AE3C2EAE29DCB3B300686B66 /* Build configuration list for PBXProject "SwiftUITemplate" */ = {
			isa = XCConfigurationList;
			buildConfigurations = (
				AE3C2ED529DCB3B800686B66 /* Debug */,
				AE3C2ED629DCB3B800686B66 /* Release */,
			);
			defaultConfigurationIsVisible = 0;
			defaultConfigurationName = Release;
		};
		AE3C2ED729DCB3B800686B66 /* Build configuration list for PBXNativeTarget "SwiftUITemplate" */ = {
			isa = XCConfigurationList;
			buildConfigurations = (
				AE3C2ED829DCB3B800686B66 /* Debug */,
				AE3C2ED929DCB3B800686B66 /* Release */,
			);
			defaultConfigurationIsVisible = 0;
			defaultConfigurationName = Release;
		};
		AE3C2EDA29DCB3B800686B66 /* Build configuration list for PBXNativeTarget "SwiftUITemplateTests" */ = {
			isa = XCConfigurationList;
			buildConfigurations = (
				AE3C2EDB29DCB3B800686B66 /* Debug */,
				AE3C2EDC29DCB3B800686B66 /* Release */,
			);
			defaultConfigurationIsVisible = 0;
			defaultConfigurationName = Release;
		};
		AE3C2EDD29DCB3B800686B66 /* Build configuration list for PBXNativeTarget "SwiftUITemplateUITests" */ = {
			isa = XCConfigurationList;
			buildConfigurations = (
				AE3C2EDE29DCB3B800686B66 /* Debug */,
				AE3C2EDF29DCB3B800686B66 /* Release */,
			);
			defaultConfigurationIsVisible = 0;
			defaultConfigurationName = Release;
		};
/* End XCConfigurationList section */
	};
	rootObject = AE3C2EAB29DCB3B300686B66 /* Project object */;
}
